// !$*UTF8*$!
{
	archiveVersion = 1;
	classes = {
	};
	objectVersion = 56;
	objects = {

/* Begin PBXBuildFile section */
		885EC4F62B227547007B8347 /* NameDescriptionView.swift in Sources */ = {isa = PBXBuildFile; fileRef = 885EC4F52B227547007B8347 /* NameDescriptionView.swift */; };
		885EC4F82B227647007B8347 /* TypesView.swift in Sources */ = {isa = PBXBuildFile; fileRef = 885EC4F72B227647007B8347 /* TypesView.swift */; };
		885EC4FC2B2276F8007B8347 /* GenInfoView.swift in Sources */ = {isa = PBXBuildFile; fileRef = 885EC4FB2B2276F8007B8347 /* GenInfoView.swift */; };
		885EC4FE2B22777F007B8347 /* AbilitiesView.swift in Sources */ = {isa = PBXBuildFile; fileRef = 885EC4FD2B22777F007B8347 /* AbilitiesView.swift */; };
		885EC5012B227911007B8347 /* GenderView.swift in Sources */ = {isa = PBXBuildFile; fileRef = 885EC5002B227911007B8347 /* GenderView.swift */; };
		88EC199C2B22338300E2E2CF /* PokedexApp.swift in Sources */ = {isa = PBXBuildFile; fileRef = 88EC199B2B22338300E2E2CF /* PokedexApp.swift */; };
		88EC199E2B22338300E2E2CF /* ContentView.swift in Sources */ = {isa = PBXBuildFile; fileRef = 88EC199D2B22338300E2E2CF /* ContentView.swift */; };
		88EC19A02B22338400E2E2CF /* Assets.xcassets in Resources */ = {isa = PBXBuildFile; fileRef = 88EC199F2B22338400E2E2CF /* Assets.xcassets */; };
		88EC19A32B22338400E2E2CF /* Preview Assets.xcassets in Resources */ = {isa = PBXBuildFile; fileRef = 88EC19A22B22338400E2E2CF /* Preview Assets.xcassets */; };
		88EC19AD2B22338400E2E2CF /* PokedexTests.swift in Sources */ = {isa = PBXBuildFile; fileRef = 88EC19AC2B22338400E2E2CF /* PokedexTests.swift */; };
		88EC19B72B22338400E2E2CF /* PokedexUITests.swift in Sources */ = {isa = PBXBuildFile; fileRef = 88EC19B62B22338400E2E2CF /* PokedexUITests.swift */; };
		88EC19B92B22338400E2E2CF /* PokedexUITestsLaunchTests.swift in Sources */ = {isa = PBXBuildFile; fileRef = 88EC19B82B22338400E2E2CF /* PokedexUITestsLaunchTests.swift */; };
		88EC19C62B2235B600E2E2CF /* SearchView.swift in Sources */ = {isa = PBXBuildFile; fileRef = 88EC19C52B2235B600E2E2CF /* SearchView.swift */; };
		88EC19C82B22366A00E2E2CF /* PokemonDetailView.swift in Sources */ = {isa = PBXBuildFile; fileRef = 88EC19C72B22366A00E2E2CF /* PokemonDetailView.swift */; };
/* End PBXBuildFile section */

/* Begin PBXContainerItemProxy section */
		88EC19A92B22338400E2E2CF /* PBXContainerItemProxy */ = {
			isa = PBXContainerItemProxy;
			containerPortal = 88EC19902B22338300E2E2CF /* Project object */;
			proxyType = 1;
			remoteGlobalIDString = 88EC19972B22338300E2E2CF;
			remoteInfo = Pokedex;
		};
		88EC19B32B22338400E2E2CF /* PBXContainerItemProxy */ = {
			isa = PBXContainerItemProxy;
			containerPortal = 88EC19902B22338300E2E2CF /* Project object */;
			proxyType = 1;
			remoteGlobalIDString = 88EC19972B22338300E2E2CF;
			remoteInfo = Pokedex;
		};
/* End PBXContainerItemProxy section */

/* Begin PBXFileReference section */
		885EC4F52B227547007B8347 /* NameDescriptionView.swift */ = {isa = PBXFileReference; lastKnownFileType = sourcecode.swift; path = NameDescriptionView.swift; sourceTree = "<group>"; };
		885EC4F72B227647007B8347 /* TypesView.swift */ = {isa = PBXFileReference; lastKnownFileType = sourcecode.swift; path = TypesView.swift; sourceTree = "<group>"; };
		885EC4FB2B2276F8007B8347 /* GenInfoView.swift */ = {isa = PBXFileReference; lastKnownFileType = sourcecode.swift; path = GenInfoView.swift; sourceTree = "<group>"; };
		885EC4FD2B22777F007B8347 /* AbilitiesView.swift */ = {isa = PBXFileReference; lastKnownFileType = sourcecode.swift; path = AbilitiesView.swift; sourceTree = "<group>"; };
		885EC5002B227911007B8347 /* GenderView.swift */ = {isa = PBXFileReference; lastKnownFileType = sourcecode.swift; path = GenderView.swift; sourceTree = "<group>"; };
		88EC19982B22338300E2E2CF /* Pokedex.app */ = {isa = PBXFileReference; explicitFileType = wrapper.application; includeInIndex = 0; path = Pokedex.app; sourceTree = BUILT_PRODUCTS_DIR; };
		88EC199B2B22338300E2E2CF /* PokedexApp.swift */ = {isa = PBXFileReference; lastKnownFileType = sourcecode.swift; path = PokedexApp.swift; sourceTree = "<group>"; };
		88EC199D2B22338300E2E2CF /* ContentView.swift */ = {isa = PBXFileReference; lastKnownFileType = sourcecode.swift; path = ContentView.swift; sourceTree = "<group>"; };
		88EC199F2B22338400E2E2CF /* Assets.xcassets */ = {isa = PBXFileReference; lastKnownFileType = folder.assetcatalog; path = Assets.xcassets; sourceTree = "<group>"; };
		88EC19A22B22338400E2E2CF /* Preview Assets.xcassets */ = {isa = PBXFileReference; lastKnownFileType = folder.assetcatalog; path = "Preview Assets.xcassets"; sourceTree = "<group>"; };
		88EC19A82B22338400E2E2CF /* PokedexTests.xctest */ = {isa = PBXFileReference; explicitFileType = wrapper.cfbundle; includeInIndex = 0; path = PokedexTests.xctest; sourceTree = BUILT_PRODUCTS_DIR; };
		88EC19AC2B22338400E2E2CF /* PokedexTests.swift */ = {isa = PBXFileReference; lastKnownFileType = sourcecode.swift; path = PokedexTests.swift; sourceTree = "<group>"; };
		88EC19B22B22338400E2E2CF /* PokedexUITests.xctest */ = {isa = PBXFileReference; explicitFileType = wrapper.cfbundle; includeInIndex = 0; path = PokedexUITests.xctest; sourceTree = BUILT_PRODUCTS_DIR; };
		88EC19B62B22338400E2E2CF /* PokedexUITests.swift */ = {isa = PBXFileReference; lastKnownFileType = sourcecode.swift; path = PokedexUITests.swift; sourceTree = "<group>"; };
		88EC19B82B22338400E2E2CF /* PokedexUITestsLaunchTests.swift */ = {isa = PBXFileReference; lastKnownFileType = sourcecode.swift; path = PokedexUITestsLaunchTests.swift; sourceTree = "<group>"; };
		88EC19C52B2235B600E2E2CF /* SearchView.swift */ = {isa = PBXFileReference; lastKnownFileType = sourcecode.swift; path = SearchView.swift; sourceTree = "<group>"; };
		88EC19C72B22366A00E2E2CF /* PokemonDetailView.swift */ = {isa = PBXFileReference; lastKnownFileType = sourcecode.swift; path = PokemonDetailView.swift; sourceTree = "<group>"; };
/* End PBXFileReference section */

/* Begin PBXFrameworksBuildPhase section */
		88EC19952B22338300E2E2CF /* Frameworks */ = {
			isa = PBXFrameworksBuildPhase;
			buildActionMask = 2147483647;
			files = (
			);
			runOnlyForDeploymentPostprocessing = 0;
		};
		88EC19A52B22338400E2E2CF /* Frameworks */ = {
			isa = PBXFrameworksBuildPhase;
			buildActionMask = 2147483647;
			files = (
			);
			runOnlyForDeploymentPostprocessing = 0;
		};
		88EC19AF2B22338400E2E2CF /* Frameworks */ = {
			isa = PBXFrameworksBuildPhase;
			buildActionMask = 2147483647;
			files = (
			);
			runOnlyForDeploymentPostprocessing = 0;
		};
/* End PBXFrameworksBuildPhase section */

/* Begin PBXGroup section */
		885EC4FF2B2278A3007B8347 /* Views */ = {
			isa = PBXGroup;
			children = (
				885EC4F52B227547007B8347 /* NameDescriptionView.swift */,
				885EC4F72B227647007B8347 /* TypesView.swift */,
				885EC4FD2B22777F007B8347 /* AbilitiesView.swift */,
				88EC19C72B22366A00E2E2CF /* PokemonDetailView.swift */,
				88EC19C52B2235B600E2E2CF /* SearchView.swift */,
				885EC5002B227911007B8347 /* GenderView.swift */,
			);
			path = Views;
			sourceTree = "<group>";
		};
		88EC198F2B22338300E2E2CF = {
			isa = PBXGroup;
			children = (
				88EC199A2B22338300E2E2CF /* Pokedex */,
				88EC19AB2B22338400E2E2CF /* PokedexTests */,
				88EC19B52B22338400E2E2CF /* PokedexUITests */,
				88EC19992B22338300E2E2CF /* Products */,
			);
			sourceTree = "<group>";
		};
		88EC19992B22338300E2E2CF /* Products */ = {
			isa = PBXGroup;
			children = (
				88EC19982B22338300E2E2CF /* Pokedex.app */,
				88EC19A82B22338400E2E2CF /* PokedexTests.xctest */,
				88EC19B22B22338400E2E2CF /* PokedexUITests.xctest */,
			);
			name = Products;
			sourceTree = "<group>";
		};
		88EC199A2B22338300E2E2CF /* Pokedex */ = {
			isa = PBXGroup;
			children = (
				885EC4FB2B2276F8007B8347 /* GenInfoView.swift */,
				88EC199B2B22338300E2E2CF /* PokedexApp.swift */,
				88EC199D2B22338300E2E2CF /* ContentView.swift */,
				885EC4FF2B2278A3007B8347 /* Views */,
				88EC199F2B22338400E2E2CF /* Assets.xcassets */,
				88EC19A12B22338400E2E2CF /* Preview Content */,
			);
			path = Pokedex;
			sourceTree = "<group>";
		};
		88EC19A12B22338400E2E2CF /* Preview Content */ = {
			isa = PBXGroup;
			children = (
				88EC19A22B22338400E2E2CF /* Preview Assets.xcassets */,
			);
			path = "Preview Content";
			sourceTree = "<group>";
		};
		88EC19AB2B22338400E2E2CF /* PokedexTests */ = {
			isa = PBXGroup;
			children = (
				88EC19AC2B22338400E2E2CF /* PokedexTests.swift */,
			);
			path = PokedexTests;
			sourceTree = "<group>";
		};
		88EC19B52B22338400E2E2CF /* PokedexUITests */ = {
			isa = PBXGroup;
			children = (
				88EC19B62B22338400E2E2CF /* PokedexUITests.swift */,
				88EC19B82B22338400E2E2CF /* PokedexUITestsLaunchTests.swift */,
			);
			path = PokedexUITests;
			sourceTree = "<group>";
		};
/* End PBXGroup section */

/* Begin PBXNativeTarget section */
		88EC19972B22338300E2E2CF /* Pokedex */ = {
			isa = PBXNativeTarget;
			buildConfigurationList = 88EC19BC2B22338400E2E2CF /* Build configuration list for PBXNativeTarget "Pokedex" */;
			buildPhases = (
				88EC19942B22338300E2E2CF /* Sources */,
				88EC19952B22338300E2E2CF /* Frameworks */,
				88EC19962B22338300E2E2CF /* Resources */,
			);
			buildRules = (
			);
			dependencies = (
			);
			name = Pokedex;
			productName = Pokedex;
			productReference = 88EC19982B22338300E2E2CF /* Pokedex.app */;
			productType = "com.apple.product-type.application";
		};
		88EC19A72B22338400E2E2CF /* PokedexTests */ = {
			isa = PBXNativeTarget;
			buildConfigurationList = 88EC19BF2B22338400E2E2CF /* Build configuration list for PBXNativeTarget "PokedexTests" */;
			buildPhases = (
				88EC19A42B22338400E2E2CF /* Sources */,
				88EC19A52B22338400E2E2CF /* Frameworks */,
				88EC19A62B22338400E2E2CF /* Resources */,
			);
			buildRules = (
			);
			dependencies = (
				88EC19AA2B22338400E2E2CF /* PBXTargetDependency */,
			);
			name = PokedexTests;
			productName = PokedexTests;
			productReference = 88EC19A82B22338400E2E2CF /* PokedexTests.xctest */;
			productType = "com.apple.product-type.bundle.unit-test";
		};
		88EC19B12B22338400E2E2CF /* PokedexUITests */ = {
			isa = PBXNativeTarget;
			buildConfigurationList = 88EC19C22B22338400E2E2CF /* Build configuration list for PBXNativeTarget "PokedexUITests" */;
			buildPhases = (
				88EC19AE2B22338400E2E2CF /* Sources */,
				88EC19AF2B22338400E2E2CF /* Frameworks */,
				88EC19B02B22338400E2E2CF /* Resources */,
			);
			buildRules = (
			);
			dependencies = (
				88EC19B42B22338400E2E2CF /* PBXTargetDependency */,
			);
			name = PokedexUITests;
			productName = PokedexUITests;
			productReference = 88EC19B22B22338400E2E2CF /* PokedexUITests.xctest */;
			productType = "com.apple.product-type.bundle.ui-testing";
		};
/* End PBXNativeTarget section */

/* Begin PBXProject section */
		88EC19902B22338300E2E2CF /* Project object */ = {
			isa = PBXProject;
			attributes = {
				BuildIndependentTargetsInParallel = 1;
				LastSwiftUpdateCheck = 1500;
				LastUpgradeCheck = 1500;
				TargetAttributes = {
					88EC19972B22338300E2E2CF = {
						CreatedOnToolsVersion = 15.0.1;
					};
					88EC19A72B22338400E2E2CF = {
						CreatedOnToolsVersion = 15.0.1;
						TestTargetID = 88EC19972B22338300E2E2CF;
					};
					88EC19B12B22338400E2E2CF = {
						CreatedOnToolsVersion = 15.0.1;
						TestTargetID = 88EC19972B22338300E2E2CF;
					};
				};
			};
			buildConfigurationList = 88EC19932B22338300E2E2CF /* Build configuration list for PBXProject "Pokedex" */;
			compatibilityVersion = "Xcode 14.0";
			developmentRegion = en;
			hasScannedForEncodings = 0;
			knownRegions = (
				en,
				Base,
			);
			mainGroup = 88EC198F2B22338300E2E2CF;
			productRefGroup = 88EC19992B22338300E2E2CF /* Products */;
			projectDirPath = "";
			projectRoot = "";
			targets = (
				88EC19972B22338300E2E2CF /* Pokedex */,
				88EC19A72B22338400E2E2CF /* PokedexTests */,
				88EC19B12B22338400E2E2CF /* PokedexUITests */,
			);
		};
/* End PBXProject section */

/* Begin PBXResourcesBuildPhase section */
		88EC19962B22338300E2E2CF /* Resources */ = {
			isa = PBXResourcesBuildPhase;
			buildActionMask = 2147483647;
			files = (
				88EC19A32B22338400E2E2CF /* Preview Assets.xcassets in Resources */,
				88EC19A02B22338400E2E2CF /* Assets.xcassets in Resources */,
			);
			runOnlyForDeploymentPostprocessing = 0;
		};
		88EC19A62B22338400E2E2CF /* Resources */ = {
			isa = PBXResourcesBuildPhase;
			buildActionMask = 2147483647;
			files = (
			);
			runOnlyForDeploymentPostprocessing = 0;
		};
		88EC19B02B22338400E2E2CF /* Resources */ = {
			isa = PBXResourcesBuildPhase;
			buildActionMask = 2147483647;
			files = (
			);
			runOnlyForDeploymentPostprocessing = 0;
		};
/* End PBXResourcesBuildPhase section */

/* Begin PBXSourcesBuildPhase section */
		88EC19942B22338300E2E2CF /* Sources */ = {
			isa = PBXSourcesBuildPhase;
			buildActionMask = 2147483647;
			files = (
				885EC5012B227911007B8347 /* GenderView.swift in Sources */,
				885EC4F82B227647007B8347 /* TypesView.swift in Sources */,
				88EC199E2B22338300E2E2CF /* ContentView.swift in Sources */,
				88EC19C82B22366A00E2E2CF /* PokemonDetailView.swift in Sources */,
				88EC19C62B2235B600E2E2CF /* SearchView.swift in Sources */,
				885EC4F62B227547007B8347 /* NameDescriptionView.swift in Sources */,
				885EC4FC2B2276F8007B8347 /* GenInfoView.swift in Sources */,
				88EC199C2B22338300E2E2CF /* PokedexApp.swift in Sources */,
				885EC4FE2B22777F007B8347 /* AbilitiesView.swift in Sources */,
			);
			runOnlyForDeploymentPostprocessing = 0;
		};
		88EC19A42B22338400E2E2CF /* Sources */ = {
			isa = PBXSourcesBuildPhase;
			buildActionMask = 2147483647;
			files = (
				88EC19AD2B22338400E2E2CF /* PokedexTests.swift in Sources */,
			);
			runOnlyForDeploymentPostprocessing = 0;
		};
		88EC19AE2B22338400E2E2CF /* Sources */ = {
			isa = PBXSourcesBuildPhase;
			buildActionMask = 2147483647;
			files = (
				88EC19B72B22338400E2E2CF /* PokedexUITests.swift in Sources */,
				88EC19B92B22338400E2E2CF /* PokedexUITestsLaunchTests.swift in Sources */,
			);
			runOnlyForDeploymentPostprocessing = 0;
		};
/* End PBXSourcesBuildPhase section */

/* Begin PBXTargetDependency section */
		88EC19AA2B22338400E2E2CF /* PBXTargetDependency */ = {
			isa = PBXTargetDependency;
			target = 88EC19972B22338300E2E2CF /* Pokedex */;
			targetProxy = 88EC19A92B22338400E2E2CF /* PBXContainerItemProxy */;
		};
		88EC19B42B22338400E2E2CF /* PBXTargetDependency */ = {
			isa = PBXTargetDependency;
			target = 88EC19972B22338300E2E2CF /* Pokedex */;
			targetProxy = 88EC19B32B22338400E2E2CF /* PBXContainerItemProxy */;
		};
/* End PBXTargetDependency section */

/* Begin XCBuildConfiguration section */
		88EC19BA2B22338400E2E2CF /* Debug */ = {
			isa = XCBuildConfiguration;
			buildSettings = {
				ALWAYS_SEARCH_USER_PATHS = NO;
				ASSETCATALOG_COMPILER_GENERATE_SWIFT_ASSET_SYMBOL_EXTENSIONS = YES;
				CLANG_ANALYZER_NONNULL = YES;
				CLANG_ANALYZER_NUMBER_OBJECT_CONVERSION = YES_AGGRESSIVE;
				CLANG_CXX_LANGUAGE_STANDARD = "gnu++20";
				CLANG_ENABLE_MODULES = YES;
				CLANG_ENABLE_OBJC_ARC = YES;
				CLANG_ENABLE_OBJC_WEAK = YES;
				CLANG_WARN_BLOCK_CAPTURE_AUTORELEASING = YES;
				CLANG_WARN_BOOL_CONVERSION = YES;
				CLANG_WARN_COMMA = YES;
				CLANG_WARN_CONSTANT_CONVERSION = YES;
				CLANG_WARN_DEPRECATED_OBJC_IMPLEMENTATIONS = YES;
				CLANG_WARN_DIRECT_OBJC_ISA_USAGE = YES_ERROR;
				CLANG_WARN_DOCUMENTATION_COMMENTS = YES;
				CLANG_WARN_EMPTY_BODY = YES;
				CLANG_WARN_ENUM_CONVERSION = YES;
				CLANG_WARN_INFINITE_RECURSION = YES;
				CLANG_WARN_INT_CONVERSION = YES;
				CLANG_WARN_NON_LITERAL_NULL_CONVERSION = YES;
				CLANG_WARN_OBJC_IMPLICIT_RETAIN_SELF = YES;
				CLANG_WARN_OBJC_LITERAL_CONVERSION = YES;
				CLANG_WARN_OBJC_ROOT_CLASS = YES_ERROR;
				CLANG_WARN_QUOTED_INCLUDE_IN_FRAMEWORK_HEADER = YES;
				CLANG_WARN_RANGE_LOOP_ANALYSIS = YES;
				CLANG_WARN_STRICT_PROTOTYPES = YES;
				CLANG_WARN_SUSPICIOUS_MOVE = YES;
				CLANG_WARN_UNGUARDED_AVAILABILITY = YES_AGGRESSIVE;
				CLANG_WARN_UNREACHABLE_CODE = YES;
				CLANG_WARN__DUPLICATE_METHOD_MATCH = YES;
				COPY_PHASE_STRIP = NO;
				DEBUG_INFORMATION_FORMAT = dwarf;
				ENABLE_STRICT_OBJC_MSGSEND = YES;
				ENABLE_TESTABILITY = YES;
				ENABLE_USER_SCRIPT_SANDBOXING = YES;
				GCC_C_LANGUAGE_STANDARD = gnu17;
				GCC_DYNAMIC_NO_PIC = NO;
				GCC_NO_COMMON_BLOCKS = YES;
				GCC_OPTIMIZATION_LEVEL = 0;
				GCC_PREPROCESSOR_DEFINITIONS = (
					"DEBUG=1",
					"$(inherited)",
				);
				GCC_WARN_64_TO_32_BIT_CONVERSION = YES;
				GCC_WARN_ABOUT_RETURN_TYPE = YES_ERROR;
				GCC_WARN_UNDECLARED_SELECTOR = YES;
				GCC_WARN_UNINITIALIZED_AUTOS = YES_AGGRESSIVE;
				GCC_WARN_UNUSED_FUNCTION = YES;
				GCC_WARN_UNUSED_VARIABLE = YES;
				IPHONEOS_DEPLOYMENT_TARGET = 17.0;
				LOCALIZATION_PREFERS_STRING_CATALOGS = YES;
				MTL_ENABLE_DEBUG_INFO = INCLUDE_SOURCE;
				MTL_FAST_MATH = YES;
				ONLY_ACTIVE_ARCH = YES;
				SDKROOT = iphoneos;
				SWIFT_ACTIVE_COMPILATION_CONDITIONS = "DEBUG $(inherited)";
				SWIFT_OPTIMIZATION_LEVEL = "-Onone";
			};
			name = Debug;
		};
		88EC19BB2B22338400E2E2CF /* Release */ = {
			isa = XCBuildConfiguration;
			buildSettings = {
				ALWAYS_SEARCH_USER_PATHS = NO;
				ASSETCATALOG_COMPILER_GENERATE_SWIFT_ASSET_SYMBOL_EXTENSIONS = YES;
				CLANG_ANALYZER_NONNULL = YES;
				CLANG_ANALYZER_NUMBER_OBJECT_CONVERSION = YES_AGGRESSIVE;
				CLANG_CXX_LANGUAGE_STANDARD = "gnu++20";
				CLANG_ENABLE_MODULES = YES;
				CLANG_ENABLE_OBJC_ARC = YES;
				CLANG_ENABLE_OBJC_WEAK = YES;
				CLANG_WARN_BLOCK_CAPTURE_AUTORELEASING = YES;
				CLANG_WARN_BOOL_CONVERSION = YES;
				CLANG_WARN_COMMA = YES;
				CLANG_WARN_CONSTANT_CONVERSION = YES;
				CLANG_WARN_DEPRECATED_OBJC_IMPLEMENTATIONS = YES;
				CLANG_WARN_DIRECT_OBJC_ISA_USAGE = YES_ERROR;
				CLANG_WARN_DOCUMENTATION_COMMENTS = YES;
				CLANG_WARN_EMPTY_BODY = YES;
				CLANG_WARN_ENUM_CONVERSION = YES;
				CLANG_WARN_INFINITE_RECURSION = YES;
				CLANG_WARN_INT_CONVERSION = YES;
				CLANG_WARN_NON_LITERAL_NULL_CONVERSION = YES;
				CLANG_WARN_OBJC_IMPLICIT_RETAIN_SELF = YES;
				CLANG_WARN_OBJC_LITERAL_CONVERSION = YES;
				CLANG_WARN_OBJC_ROOT_CLASS = YES_ERROR;
				CLANG_WARN_QUOTED_INCLUDE_IN_FRAMEWORK_HEADER = YES;
				CLANG_WARN_RANGE_LOOP_ANALYSIS = YES;
				CLANG_WARN_STRICT_PROTOTYPES = YES;
				CLANG_WARN_SUSPICIOUS_MOVE = YES;
				CLANG_WARN_UNGUARDED_AVAILABILITY = YES_AGGRESSIVE;
				CLANG_WARN_UNREACHABLE_CODE = YES;
				CLANG_WARN__DUPLICATE_METHOD_MATCH = YES;
				COPY_PHASE_STRIP = NO;
				DEBUG_INFORMATION_FORMAT = "dwarf-with-dsym";
				ENABLE_NS_ASSERTIONS = NO;
				ENABLE_STRICT_OBJC_MSGSEND = YES;
				ENABLE_USER_SCRIPT_SANDBOXING = YES;
				GCC_C_LANGUAGE_STANDARD = gnu17;
				GCC_NO_COMMON_BLOCKS = YES;
				GCC_WARN_64_TO_32_BIT_CONVERSION = YES;
				GCC_WARN_ABOUT_RETURN_TYPE = YES_ERROR;
				GCC_WARN_UNDECLARED_SELECTOR = YES;
				GCC_WARN_UNINITIALIZED_AUTOS = YES_AGGRESSIVE;
				GCC_WARN_UNUSED_FUNCTION = YES;
				GCC_WARN_UNUSED_VARIABLE = YES;
				IPHONEOS_DEPLOYMENT_TARGET = 17.0;
				LOCALIZATION_PREFERS_STRING_CATALOGS = YES;
				MTL_ENABLE_DEBUG_INFO = NO;
				MTL_FAST_MATH = YES;
				SDKROOT = iphoneos;
				SWIFT_COMPILATION_MODE = wholemodule;
				VALIDATE_PRODUCT = YES;
			};
			name = Release;
		};
		88EC19BD2B22338400E2E2CF /* Debug */ = {
			isa = XCBuildConfiguration;
			buildSettings = {
				ASSETCATALOG_COMPILER_APPICON_NAME = AppIcon;
				ASSETCATALOG_COMPILER_GLOBAL_ACCENT_COLOR_NAME = AccentColor;
				CODE_SIGN_STYLE = Automatic;
				CURRENT_PROJECT_VERSION = 1;
				DEVELOPMENT_ASSET_PATHS = "\"Pokedex/Preview Content\"";
				ENABLE_PREVIEWS = YES;
				GENERATE_INFOPLIST_FILE = YES;
				INFOPLIST_KEY_UIApplicationSceneManifest_Generation = YES;
				INFOPLIST_KEY_UIApplicationSupportsIndirectInputEvents = YES;
				INFOPLIST_KEY_UILaunchScreen_Generation = YES;
				INFOPLIST_KEY_UISupportedInterfaceOrientations_iPad = "UIInterfaceOrientationPortrait UIInterfaceOrientationPortraitUpsideDown UIInterfaceOrientationLandscapeLeft UIInterfaceOrientationLandscapeRight";
				INFOPLIST_KEY_UISupportedInterfaceOrientations_iPhone = "UIInterfaceOrientationPortrait UIInterfaceOrientationLandscapeLeft UIInterfaceOrientationLandscapeRight";
				LD_RUNPATH_SEARCH_PATHS = (
					"$(inherited)",
					"@executable_path/Frameworks",
				);
				MARKETING_VERSION = 1.0;
				PRODUCT_BUNDLE_IDENTIFIER = martinoli.Pokedex;
				PRODUCT_NAME = "$(TARGET_NAME)";
				SWIFT_EMIT_LOC_STRINGS = YES;
				SWIFT_VERSION = 5.0;
				TARGETED_DEVICE_FAMILY = "1,2";
			};
			name = Debug;
		};
		88EC19BE2B22338400E2E2CF /* Release */ = {
			isa = XCBuildConfiguration;
			buildSettings = {
				ASSETCATALOG_COMPILER_APPICON_NAME = AppIcon;
				ASSETCATALOG_COMPILER_GLOBAL_ACCENT_COLOR_NAME = AccentColor;
				CODE_SIGN_STYLE = Automatic;
				CURRENT_PROJECT_VERSION = 1;
				DEVELOPMENT_ASSET_PATHS = "\"Pokedex/Preview Content\"";
				ENABLE_PREVIEWS = YES;
				GENERATE_INFOPLIST_FILE = YES;
				INFOPLIST_KEY_UIApplicationSceneManifest_Generation = YES;
				INFOPLIST_KEY_UIApplicationSupportsIndirectInputEvents = YES;
				INFOPLIST_KEY_UILaunchScreen_Generation = YES;
				INFOPLIST_KEY_UISupportedInterfaceOrientations_iPad = "UIInterfaceOrientationPortrait UIInterfaceOrientationPortraitUpsideDown UIInterfaceOrientationLandscapeLeft UIInterfaceOrientationLandscapeRight";
				INFOPLIST_KEY_UISupportedInterfaceOrientations_iPhone = "UIInterfaceOrientationPortrait UIInterfaceOrientationLandscapeLeft UIInterfaceOrientationLandscapeRight";
				LD_RUNPATH_SEARCH_PATHS = (
					"$(inherited)",
					"@executable_path/Frameworks",
				);
				MARKETING_VERSION = 1.0;
				PRODUCT_BUNDLE_IDENTIFIER = martinoli.Pokedex;
				PRODUCT_NAME = "$(TARGET_NAME)";
				SWIFT_EMIT_LOC_STRINGS = YES;
				SWIFT_VERSION = 5.0;
				TARGETED_DEVICE_FAMILY = "1,2";
			};
			name = Release;
		};
		88EC19C02B22338400E2E2CF /* Debug */ = {
			isa = XCBuildConfiguration;
			buildSettings = {
				ALWAYS_EMBED_SWIFT_STANDARD_LIBRARIES = YES;
				BUNDLE_LOADER = "$(TEST_HOST)";
				CODE_SIGN_STYLE = Automatic;
				CURRENT_PROJECT_VERSION = 1;
				GENERATE_INFOPLIST_FILE = YES;
				IPHONEOS_DEPLOYMENT_TARGET = 17.0;
				MARKETING_VERSION = 1.0;
				PRODUCT_BUNDLE_IDENTIFIER = martinoli.PokedexTests;
				PRODUCT_NAME = "$(TARGET_NAME)";
				SWIFT_EMIT_LOC_STRINGS = NO;
				SWIFT_VERSION = 5.0;
				TARGETED_DEVICE_FAMILY = "1,2";
				TEST_HOST = "$(BUILT_PRODUCTS_DIR)/Pokedex.app/$(BUNDLE_EXECUTABLE_FOLDER_PATH)/Pokedex";
			};
			name = Debug;
		};
		88EC19C12B22338400E2E2CF /* Release */ = {
			isa = XCBuildConfiguration;
			buildSettings = {
				ALWAYS_EMBED_SWIFT_STANDARD_LIBRARIES = YES;
				BUNDLE_LOADER = "$(TEST_HOST)";
				CODE_SIGN_STYLE = Automatic;
				CURRENT_PROJECT_VERSION = 1;
				GENERATE_INFOPLIST_FILE = YES;
				IPHONEOS_DEPLOYMENT_TARGET = 17.0;
				MARKETING_VERSION = 1.0;
				PRODUCT_BUNDLE_IDENTIFIER = martinoli.PokedexTests;
				PRODUCT_NAME = "$(TARGET_NAME)";
				SWIFT_EMIT_LOC_STRINGS = NO;
				SWIFT_VERSION = 5.0;
				TARGETED_DEVICE_FAMILY = "1,2";
				TEST_HOST = "$(BUILT_PRODUCTS_DIR)/Pokedex.app/$(BUNDLE_EXECUTABLE_FOLDER_PATH)/Pokedex";
			};
			name = Release;
		};
		88EC19C32B22338400E2E2CF /* Debug */ = {
			isa = XCBuildConfiguration;
			buildSettings = {
				ALWAYS_EMBED_SWIFT_STANDARD_LIBRARIES = YES;
				CODE_SIGN_STYLE = Automatic;
				CURRENT_PROJECT_VERSION = 1;
				GENERATE_INFOPLIST_FILE = YES;
				MARKETING_VERSION = 1.0;
				PRODUCT_BUNDLE_IDENTIFIER = martinoli.PokedexUITests;
				PRODUCT_NAME = "$(TARGET_NAME)";
				SWIFT_EMIT_LOC_STRINGS = NO;
				SWIFT_VERSION = 5.0;
				TARGETED_DEVICE_FAMILY = "1,2";
				TEST_TARGET_NAME = Pokedex;
			};
			name = Debug;
		};
		88EC19C42B22338400E2E2CF /* Release */ = {
			isa = XCBuildConfiguration;
			buildSettings = {
				ALWAYS_EMBED_SWIFT_STANDARD_LIBRARIES = YES;
				CODE_SIGN_STYLE = Automatic;
				CURRENT_PROJECT_VERSION = 1;
				GENERATE_INFOPLIST_FILE = YES;
				MARKETING_VERSION = 1.0;
				PRODUCT_BUNDLE_IDENTIFIER = martinoli.PokedexUITests;
				PRODUCT_NAME = "$(TARGET_NAME)";
				SWIFT_EMIT_LOC_STRINGS = NO;
				SWIFT_VERSION = 5.0;
				TARGETED_DEVICE_FAMILY = "1,2";
				TEST_TARGET_NAME = Pokedex;
			};
			name = Release;
		};
/* End XCBuildConfiguration section */

/* Begin XCConfigurationList section */
		88EC19932B22338300E2E2CF /* Build configuration list for PBXProject "Pokedex" */ = {
			isa = XCConfigurationList;
			buildConfigurations = (
				88EC19BA2B22338400E2E2CF /* Debug */,
				88EC19BB2B22338400E2E2CF /* Release */,
			);
			defaultConfigurationIsVisible = 0;
			defaultConfigurationName = Release;
		};
		88EC19BC2B22338400E2E2CF /* Build configuration list for PBXNativeTarget "Pokedex" */ = {
			isa = XCConfigurationList;
			buildConfigurations = (
				88EC19BD2B22338400E2E2CF /* Debug */,
				88EC19BE2B22338400E2E2CF /* Release */,
			);
			defaultConfigurationIsVisible = 0;
			defaultConfigurationName = Release;
		};
		88EC19BF2B22338400E2E2CF /* Build configuration list for PBXNativeTarget "PokedexTests" */ = {
			isa = XCConfigurationList;
			buildConfigurations = (
				88EC19C02B22338400E2E2CF /* Debug */,
				88EC19C12B22338400E2E2CF /* Release */,
			);
			defaultConfigurationIsVisible = 0;
			defaultConfigurationName = Release;
		};
		88EC19C22B22338400E2E2CF /* Build configuration list for PBXNativeTarget "PokedexUITests" */ = {
			isa = XCConfigurationList;
			buildConfigurations = (
				88EC19C32B22338400E2E2CF /* Debug */,
				88EC19C42B22338400E2E2CF /* Release */,
			);
			defaultConfigurationIsVisible = 0;
			defaultConfigurationName = Release;
		};
/* End XCConfigurationList section */
	};
	rootObject = 88EC19902B22338300E2E2CF /* Project object */;
}
